
Microsoft Visual Studio Solution File, Format Version 12.00
# Visual Studio 15
VisualStudioVersion = 15.0.27004.2005
MinimumVisualStudioVersion = 10.0.40219.1
Project("{FAE04EC0-301F-11D3-BF4B-00C04F79EFBC}") = "TrainingApplication", "TrainingApplication\TrainingApplication.csproj", "{B39A56E8-8E40-4263-A70D-8D4229A082E8}"
EndProject
Project("{FAE04EC0-301F-11D3-BF4B-00C04F79EFBC}") = "StackpanelDemo", "StackpanelDemo\StackpanelDemo.csproj", "{5903C8DE-39A4-458F-9E05-60246D66B5FD}"
EndProject
Project("{FAE04EC0-301F-11D3-BF4B-00C04F79EFBC}") = "HelloWorldDemo", "HelloWorldDemo\HelloWorldDemo.csproj", "{A8F1401D-239D-4133-9AB5-75EFBB1082FE}"
EndProject
Project("{FAE04EC0-301F-11D3-BF4B-00C04F79EFBC}") = "GridRowsAndColumnsDemo", "GridRowsAndColumnsDemo\GridRowsAndColumnsDemo.csproj", "{36A6FDF7-BD49-43B3-A616-3B3ED3824BD7}"
EndProject
Global
	GlobalSection(SolutionConfigurationPlatforms) = preSolution
		Debug|Any CPU = Debug|Any CPU
		Release|Any CPU = Release|Any CPU
	EndGlobalSection
	GlobalSection(ProjectConfigurationPlatforms) = postSolution
		{B39A56E8-8E40-4263-A70D-8D4229A082E8}.Debug|Any CPU.ActiveCfg = Debug|Any CPU
		{B39A56E8-8E40-4263-A70D-8D4229A082E8}.Debug|Any CPU.Build.0 = Debug|Any CPU
		{B39A56E8-8E40-4263-A70D-8D4229A082E8}.Release|Any CPU.ActiveCfg = Release|Any CPU
		{B39A56E8-8E40-4263-A70D-8D4229A082E8}.Release|Any CPU.Build.0 = Release|Any CPU
		{5903C8DE-39A4-458F-9E05-60246D66B5FD}.Debug|Any CPU.ActiveCfg = Debug|Any CPU
		{5903C8DE-39A4-458F-9E05-60246D66B5FD}.Debug|Any CPU.Build.0 = Debug|Any CPU
		{5903C8DE-39A4-458F-9E05-60246D66B5FD}.Release|Any CPU.ActiveCfg = Release|Any CPU
		{5903C8DE-39A4-458F-9E05-60246D66B5FD}.Release|Any CPU.Build.0 = Release|Any CPU
		{A8F1401D-239D-4133-9AB5-75EFBB1082FE}.Debug|Any CPU.ActiveCfg = Debug|Any CPU
		{A8F1401D-239D-4133-9AB5-75EFBB1082FE}.Debug|Any CPU.Build.0 = Debug|Any CPU
		{A8F1401D-239D-4133-9AB5-75EFBB1082FE}.Release|Any CPU.ActiveCfg = Release|Any CPU
		{A8F1401D-239D-4133-9AB5-75EFBB1082FE}.Release|Any CPU.Build.0 = Release|Any CPU
		{36A6FDF7-BD49-43B3-A616-3B3ED3824BD7}.Debug|Any CPU.ActiveCfg = Debug|Any CPU
		{36A6FDF7-BD49-43B3-A616-3B3ED3824BD7}.Debug|Any CPU.Build.0 = Debug|Any CPU
		{36A6FDF7-BD49-43B3-A616-3B3ED3824BD7}.Release|Any CPU.ActiveCfg = Release|Any CPU
		{36A6FDF7-BD49-43B3-A616-3B3ED3824BD7}.Release|Any CPU.Build.0 = Release|Any CPU
	EndGlobalSection
	GlobalSection(SolutionProperties) = preSolution
		HideSolutionNode = FALSE
	EndGlobalSection
	GlobalSection(ExtensibilityGlobals) = postSolution
		SolutionGuid = {83EF855F-F694-4248-AE47-2B83EEC4F7FC}
	EndGlobalSection
EndGlobal
