
Microsoft Visual Studio Solution File, Format Version 12.00
# Visual Studio 15
VisualStudioVersion = 15.0.27004.2005
MinimumVisualStudioVersion = 10.0.40219.1
Project("{FAE04EC0-301F-11D3-BF4B-00C04F79EFBC}") = "TrainingApplication", "TrainingApplication\TrainingApplication.csproj", "{B39A56E8-8E40-4263-A70D-8D4229A082E8}"
EndProject
Project("{FAE04EC0-301F-11D3-BF4B-00C04F79EFBC}") = "StackpanelDemo", "StackpanelDemo\StackpanelDemo.csproj", "{5903C8DE-39A4-458F-9E05-60246D66B5FD}"
EndProject
Project("{FAE04EC0-301F-11D3-BF4B-00C04F79EFBC}") = "HelloWorldDemo", "HelloWorldDemo\HelloWorldDemo.csproj", "{A8F1401D-239D-4133-9AB5-75EFBB1082FE}"
EndProject
Project("{FAE04EC0-301F-11D3-BF4B-00C04F79EFBC}") = "GridRowsAndColumnsDemo", "GridRowsAndColumnsDemo\GridRowsAndColumnsDemo.csproj", "{36A6FDF7-BD49-43B3-A616-3B3ED3824BD7}"
EndProject
Project("{FAE04EC0-301F-11D3-BF4B-00C04F79EFBC}") = "WrappanelDemo", "WrappanelDemo\WrappanelDemo.csproj", "{0787DF8B-96C7-4D8E-911B-2CA98324F86F}"
EndProject
Project("{FAE04EC0-301F-11D3-BF4B-00C04F79EFBC}") = "DockpanelDemo", "DockpanelDemo\DockpanelDemo.csproj", "{3F69281D-223E-4066-98A2-A653B76C544D}"
EndProject
Project("{FAE04EC0-301F-11D3-BF4B-00C04F79EFBC}") = "CanvasDemo", "CanvasDemo\CanvasDemo.csproj", "{10BBECE3-8BDA-4669-A91E-F38F8E820E96}"
EndProject
Project("{FAE04EC0-301F-11D3-BF4B-00C04F79EFBC}") = "SimpleFormDemo", "SimpleFormDemo\SimpleFormDemo.csproj", "{552CDF6F-8A05-4E5A-88D0-3F589DFA9DEC}"
EndProject
Project("{FAE04EC0-301F-11D3-BF4B-00C04F79EFBC}") = "OneWayDataBinding", "OneWayDataBinding\OneWayDataBinding.csproj", "{2F97864F-C341-47A0-BF60-7DE1220EB9EE}"
EndProject
Project("{FAE04EC0-301F-11D3-BF4B-00C04F79EFBC}") = "TwoWayDataBinding", "TwoWayDataBinding\TwoWayDataBinding.csproj", "{C1A1D7D7-FA45-48DC-8435-59F3861C7CEF}"
EndProject
Project("{FAE04EC0-301F-11D3-BF4B-00C04F79EFBC}") = "DataBindingLists", "DataBindingLists\DataBindingLists.csproj", "{D8100B7A-C6AE-4A81-A079-D2B9E63A9719}"
EndProject
Global
	GlobalSection(SolutionConfigurationPlatforms) = preSolution
		Debug|Any CPU = Debug|Any CPU
		Release|Any CPU = Release|Any CPU
	EndGlobalSection
	GlobalSection(ProjectConfigurationPlatforms) = postSolution
		{B39A56E8-8E40-4263-A70D-8D4229A082E8}.Debug|Any CPU.ActiveCfg = Debug|Any CPU
		{B39A56E8-8E40-4263-A70D-8D4229A082E8}.Debug|Any CPU.Build.0 = Debug|Any CPU
		{B39A56E8-8E40-4263-A70D-8D4229A082E8}.Release|Any CPU.ActiveCfg = Release|Any CPU
		{B39A56E8-8E40-4263-A70D-8D4229A082E8}.Release|Any CPU.Build.0 = Release|Any CPU
		{5903C8DE-39A4-458F-9E05-60246D66B5FD}.Debug|Any CPU.ActiveCfg = Debug|Any CPU
		{5903C8DE-39A4-458F-9E05-60246D66B5FD}.Debug|Any CPU.Build.0 = Debug|Any CPU
		{5903C8DE-39A4-458F-9E05-60246D66B5FD}.Release|Any CPU.ActiveCfg = Release|Any CPU
		{5903C8DE-39A4-458F-9E05-60246D66B5FD}.Release|Any CPU.Build.0 = Release|Any CPU
		{A8F1401D-239D-4133-9AB5-75EFBB1082FE}.Debug|Any CPU.ActiveCfg = Debug|Any CPU
		{A8F1401D-239D-4133-9AB5-75EFBB1082FE}.Debug|Any CPU.Build.0 = Debug|Any CPU
		{A8F1401D-239D-4133-9AB5-75EFBB1082FE}.Release|Any CPU.ActiveCfg = Release|Any CPU
		{A8F1401D-239D-4133-9AB5-75EFBB1082FE}.Release|Any CPU.Build.0 = Release|Any CPU
		{36A6FDF7-BD49-43B3-A616-3B3ED3824BD7}.Debug|Any CPU.ActiveCfg = Debug|Any CPU
		{36A6FDF7-BD49-43B3-A616-3B3ED3824BD7}.Debug|Any CPU.Build.0 = Debug|Any CPU
		{36A6FDF7-BD49-43B3-A616-3B3ED3824BD7}.Release|Any CPU.ActiveCfg = Release|Any CPU
		{36A6FDF7-BD49-43B3-A616-3B3ED3824BD7}.Release|Any CPU.Build.0 = Release|Any CPU
		{0787DF8B-96C7-4D8E-911B-2CA98324F86F}.Debug|Any CPU.ActiveCfg = Debug|Any CPU
		{0787DF8B-96C7-4D8E-911B-2CA98324F86F}.Debug|Any CPU.Build.0 = Debug|Any CPU
		{0787DF8B-96C7-4D8E-911B-2CA98324F86F}.Release|Any CPU.ActiveCfg = Release|Any CPU
		{0787DF8B-96C7-4D8E-911B-2CA98324F86F}.Release|Any CPU.Build.0 = Release|Any CPU
		{3F69281D-223E-4066-98A2-A653B76C544D}.Debug|Any CPU.ActiveCfg = Debug|Any CPU
		{3F69281D-223E-4066-98A2-A653B76C544D}.Debug|Any CPU.Build.0 = Debug|Any CPU
		{3F69281D-223E-4066-98A2-A653B76C544D}.Release|Any CPU.ActiveCfg = Release|Any CPU
		{3F69281D-223E-4066-98A2-A653B76C544D}.Release|Any CPU.Build.0 = Release|Any CPU
		{10BBECE3-8BDA-4669-A91E-F38F8E820E96}.Debug|Any CPU.ActiveCfg = Debug|Any CPU
		{10BBECE3-8BDA-4669-A91E-F38F8E820E96}.Debug|Any CPU.Build.0 = Debug|Any CPU
		{10BBECE3-8BDA-4669-A91E-F38F8E820E96}.Release|Any CPU.ActiveCfg = Release|Any CPU
		{10BBECE3-8BDA-4669-A91E-F38F8E820E96}.Release|Any CPU.Build.0 = Release|Any CPU
		{552CDF6F-8A05-4E5A-88D0-3F589DFA9DEC}.Debug|Any CPU.ActiveCfg = Debug|Any CPU
		{552CDF6F-8A05-4E5A-88D0-3F589DFA9DEC}.Debug|Any CPU.Build.0 = Debug|Any CPU
		{552CDF6F-8A05-4E5A-88D0-3F589DFA9DEC}.Release|Any CPU.ActiveCfg = Release|Any CPU
		{552CDF6F-8A05-4E5A-88D0-3F589DFA9DEC}.Release|Any CPU.Build.0 = Release|Any CPU
		{2F97864F-C341-47A0-BF60-7DE1220EB9EE}.Debug|Any CPU.ActiveCfg = Debug|Any CPU
		{2F97864F-C341-47A0-BF60-7DE1220EB9EE}.Debug|Any CPU.Build.0 = Debug|Any CPU
		{2F97864F-C341-47A0-BF60-7DE1220EB9EE}.Release|Any CPU.ActiveCfg = Release|Any CPU
		{2F97864F-C341-47A0-BF60-7DE1220EB9EE}.Release|Any CPU.Build.0 = Release|Any CPU
		{C1A1D7D7-FA45-48DC-8435-59F3861C7CEF}.Debug|Any CPU.ActiveCfg = Debug|Any CPU
		{C1A1D7D7-FA45-48DC-8435-59F3861C7CEF}.Debug|Any CPU.Build.0 = Debug|Any CPU
		{C1A1D7D7-FA45-48DC-8435-59F3861C7CEF}.Release|Any CPU.ActiveCfg = Release|Any CPU
		{C1A1D7D7-FA45-48DC-8435-59F3861C7CEF}.Release|Any CPU.Build.0 = Release|Any CPU
		{D8100B7A-C6AE-4A81-A079-D2B9E63A9719}.Debug|Any CPU.ActiveCfg = Debug|Any CPU
		{D8100B7A-C6AE-4A81-A079-D2B9E63A9719}.Debug|Any CPU.Build.0 = Debug|Any CPU
		{D8100B7A-C6AE-4A81-A079-D2B9E63A9719}.Release|Any CPU.ActiveCfg = Release|Any CPU
		{D8100B7A-C6AE-4A81-A079-D2B9E63A9719}.Release|Any CPU.Build.0 = Release|Any CPU
	EndGlobalSection
	GlobalSection(SolutionProperties) = preSolution
		HideSolutionNode = FALSE
	EndGlobalSection
	GlobalSection(ExtensibilityGlobals) = postSolution
		SolutionGuid = {83EF855F-F694-4248-AE47-2B83EEC4F7FC}
	EndGlobalSection
EndGlobal
